
Microsoft Visual Studio Solution File, Format Version 12.00
# Visual Studio Version 17
VisualStudioVersion = 17.4.33110.190
MinimumVisualStudioVersion = 10.0.40219.1
Project("{2150E333-8FDC-42A3-9474-1A3956D46DE8}") = "Src", "Src", "{78A2FCEF-50C2-4FFA-A8DF-34F57733C9F5}"
EndProject
Project("{2150E333-8FDC-42A3-9474-1A3956D46DE8}") = "Commons", "Commons", "{8AD11F52-4A18-4C2E-AF28-6C68E0FB9FE4}"
EndProject
Project("{2150E333-8FDC-42A3-9474-1A3956D46DE8}") = "Core", "Core", "{410DB7B5-2078-4DF5-B4BA-FF4F8CB403BF}"
EndProject
Project("{2150E333-8FDC-42A3-9474-1A3956D46DE8}") = "Infrastructures", "Infrastructures", "{1CA658F7-0604-4C13-8433-6C80EDADE35E}"
EndProject
Project("{2150E333-8FDC-42A3-9474-1A3956D46DE8}") = "Presentation", "Presentation", "{F3668EB2-8B47-4B0B-BD52-94C3D738B04F}"
EndProject
Project("{2150E333-8FDC-42A3-9474-1A3956D46DE8}") = "Test", "Test", "{C21EEB0C-4299-4C0B-8D03-9F6EDEE0C7C6}"
EndProject
Project("{9A19103F-16F7-4668-BE54-9A1E7A4F7556}") = "Common", "Common\Common.csproj", "{7EB647A4-7626-4297-8489-E11CDEA539C3}"
EndProject
Project("{9A19103F-16F7-4668-BE54-9A1E7A4F7556}") = "Application", "Application\Application.csproj", "{40D64FA4-2001-4845-860F-670DCB75C3FA}"
EndProject
Project("{9A19103F-16F7-4668-BE54-9A1E7A4F7556}") = "Domain", "Domain\Domain.csproj", "{A3D61988-0D57-4EB6-8BF1-7402399CC51B}"
EndProject
Project("{9A19103F-16F7-4668-BE54-9A1E7A4F7556}") = "Infrastructure", "Infrastructure\Infrastructure.csproj", "{2F140FF6-869B-448E-BD79-1D20E75519A8}"
EndProject
Project("{9A19103F-16F7-4668-BE54-9A1E7A4F7556}") = "Persistence", "Persistence\Persistence.csproj", "{99468972-75F3-41CB-A5E1-1753954BB5C3}"
EndProject
Project("{9A19103F-16F7-4668-BE54-9A1E7A4F7556}") = "EndPoint", "EndPoint\EndPoint.csproj", "{601DD532-F762-4D91-A7EB-7E882761BD50}"
EndProject
Project("{9A19103F-16F7-4668-BE54-9A1E7A4F7556}") = "EndPointTest", "EndPointTest\EndPointTest.csproj", "{547898B0-DD48-4ACB-87D3-189CB3E19E25}"
EndProject
Global
	GlobalSection(SolutionConfigurationPlatforms) = preSolution
		Debug|Any CPU = Debug|Any CPU
		Release|Any CPU = Release|Any CPU
	EndGlobalSection
	GlobalSection(ProjectConfigurationPlatforms) = postSolution
		{7EB647A4-7626-4297-8489-E11CDEA539C3}.Debug|Any CPU.ActiveCfg = Debug|Any CPU
		{7EB647A4-7626-4297-8489-E11CDEA539C3}.Debug|Any CPU.Build.0 = Debug|Any CPU
		{7EB647A4-7626-4297-8489-E11CDEA539C3}.Release|Any CPU.ActiveCfg = Release|Any CPU
		{7EB647A4-7626-4297-8489-E11CDEA539C3}.Release|Any CPU.Build.0 = Release|Any CPU
		{40D64FA4-2001-4845-860F-670DCB75C3FA}.Debug|Any CPU.ActiveCfg = Debug|Any CPU
		{40D64FA4-2001-4845-860F-670DCB75C3FA}.Debug|Any CPU.Build.0 = Debug|Any CPU
		{40D64FA4-2001-4845-860F-670DCB75C3FA}.Release|Any CPU.ActiveCfg = Release|Any CPU
		{40D64FA4-2001-4845-860F-670DCB75C3FA}.Release|Any CPU.Build.0 = Release|Any CPU
		{A3D61988-0D57-4EB6-8BF1-7402399CC51B}.Debug|Any CPU.ActiveCfg = Debug|Any CPU
		{A3D61988-0D57-4EB6-8BF1-7402399CC51B}.Debug|Any CPU.Build.0 = Debug|Any CPU
		{A3D61988-0D57-4EB6-8BF1-7402399CC51B}.Release|Any CPU.ActiveCfg = Release|Any CPU
		{A3D61988-0D57-4EB6-8BF1-7402399CC51B}.Release|Any CPU.Build.0 = Release|Any CPU
		{2F140FF6-869B-448E-BD79-1D20E75519A8}.Debug|Any CPU.ActiveCfg = Debug|Any CPU
		{2F140FF6-869B-448E-BD79-1D20E75519A8}.Debug|Any CPU.Build.0 = Debug|Any CPU
		{2F140FF6-869B-448E-BD79-1D20E75519A8}.Release|Any CPU.ActiveCfg = Release|Any CPU
		{2F140FF6-869B-448E-BD79-1D20E75519A8}.Release|Any CPU.Build.0 = Release|Any CPU
		{99468972-75F3-41CB-A5E1-1753954BB5C3}.Debug|Any CPU.ActiveCfg = Debug|Any CPU
		{99468972-75F3-41CB-A5E1-1753954BB5C3}.Debug|Any CPU.Build.0 = Debug|Any CPU
		{99468972-75F3-41CB-A5E1-1753954BB5C3}.Release|Any CPU.ActiveCfg = Release|Any CPU
		{99468972-75F3-41CB-A5E1-1753954BB5C3}.Release|Any CPU.Build.0 = Release|Any CPU
		{601DD532-F762-4D91-A7EB-7E882761BD50}.Debug|Any CPU.ActiveCfg = Debug|Any CPU
		{601DD532-F762-4D91-A7EB-7E882761BD50}.Debug|Any CPU.Build.0 = Debug|Any CPU
		{601DD532-F762-4D91-A7EB-7E882761BD50}.Release|Any CPU.ActiveCfg = Release|Any CPU
		{601DD532-F762-4D91-A7EB-7E882761BD50}.Release|Any CPU.Build.0 = Release|Any CPU
		{547898B0-DD48-4ACB-87D3-189CB3E19E25}.Debug|Any CPU.ActiveCfg = Debug|Any CPU
		{547898B0-DD48-4ACB-87D3-189CB3E19E25}.Debug|Any CPU.Build.0 = Debug|Any CPU
		{547898B0-DD48-4ACB-87D3-189CB3E19E25}.Release|Any CPU.ActiveCfg = Release|Any CPU
		{547898B0-DD48-4ACB-87D3-189CB3E19E25}.Release|Any CPU.Build.0 = Release|Any CPU
	EndGlobalSection
	GlobalSection(SolutionProperties) = preSolution
		HideSolutionNode = FALSE
	EndGlobalSection
	GlobalSection(NestedProjects) = preSolution
		{8AD11F52-4A18-4C2E-AF28-6C68E0FB9FE4} = {78A2FCEF-50C2-4FFA-A8DF-34F57733C9F5}
		{410DB7B5-2078-4DF5-B4BA-FF4F8CB403BF} = {78A2FCEF-50C2-4FFA-A8DF-34F57733C9F5}
		{1CA658F7-0604-4C13-8433-6C80EDADE35E} = {78A2FCEF-50C2-4FFA-A8DF-34F57733C9F5}
		{F3668EB2-8B47-4B0B-BD52-94C3D738B04F} = {78A2FCEF-50C2-4FFA-A8DF-34F57733C9F5}
		{C21EEB0C-4299-4C0B-8D03-9F6EDEE0C7C6} = {78A2FCEF-50C2-4FFA-A8DF-34F57733C9F5}
		{7EB647A4-7626-4297-8489-E11CDEA539C3} = {8AD11F52-4A18-4C2E-AF28-6C68E0FB9FE4}
		{40D64FA4-2001-4845-860F-670DCB75C3FA} = {410DB7B5-2078-4DF5-B4BA-FF4F8CB403BF}
		{A3D61988-0D57-4EB6-8BF1-7402399CC51B} = {410DB7B5-2078-4DF5-B4BA-FF4F8CB403BF}
		{2F140FF6-869B-448E-BD79-1D20E75519A8} = {1CA658F7-0604-4C13-8433-6C80EDADE35E}
		{99468972-75F3-41CB-A5E1-1753954BB5C3} = {1CA658F7-0604-4C13-8433-6C80EDADE35E}
		{601DD532-F762-4D91-A7EB-7E882761BD50} = {F3668EB2-8B47-4B0B-BD52-94C3D738B04F}
		{547898B0-DD48-4ACB-87D3-189CB3E19E25} = {C21EEB0C-4299-4C0B-8D03-9F6EDEE0C7C6}
	EndGlobalSection
	GlobalSection(ExtensibilityGlobals) = postSolution
		SolutionGuid = {8400AA53-5C71-46FD-92F4-DAF96D2B66A1}
	EndGlobalSection
EndGlobal
